
Microsoft Visual Studio Solution File, Format Version 12.00
# Visual Studio Version 16
VisualStudioVersion = 16.0.31729.503
MinimumVisualStudioVersion = 10.0.40219.1
Project("{FAE04EC0-301F-11D3-BF4B-00C04F79EFBC}") = "TodoList", "TodoList\TodoList.csproj", "{F19A9861-01BB-4EC3-8639-C421B21F1CD9}"
EndProject
Global
	GlobalSection(SolutionConfigurationPlatforms) = preSolution
		Debug|Any CPU = Debug|Any CPU
		Release|Any CPU = Release|Any CPU
	EndGlobalSection
	GlobalSection(ProjectConfigurationPlatforms) = postSolution
		{F19A9861-01BB-4EC3-8639-C421B21F1CD9}.Debug|Any CPU.ActiveCfg = Debug|Any CPU
		{F19A9861-01BB-4EC3-8639-C421B21F1CD9}.Debug|Any CPU.Build.0 = Debug|Any CPU
		{F19A9861-01BB-4EC3-8639-C421B21F1CD9}.Release|Any CPU.ActiveCfg = Release|Any CPU
		{F19A9861-01BB-4EC3-8639-C421B21F1CD9}.Release|Any CPU.Build.0 = Release|Any CPU
	EndGlobalSection
	GlobalSection(SolutionProperties) = preSolution
		HideSolutionNode = FALSE
	EndGlobalSection
	GlobalSection(ExtensibilityGlobals) = postSolution
		SolutionGuid = {A3DF037E-7149-495A-904F-864CF01BCCE1}
	EndGlobalSection
EndGlobal
