
Microsoft Visual Studio Solution File, Format Version 12.00
# Visual Studio Version 16
VisualStudioVersion = 16.0.31729.503
MinimumVisualStudioVersion = 10.0.40219.1
Project("{FAE04EC0-301F-11D3-BF4B-00C04F79EFBC}") = "LocadoraApi", "LocadoraApi\LocadoraApi.csproj", "{4292C647-C481-42C7-899B-A7341782852F}"
EndProject
Global
	GlobalSection(SolutionConfigurationPlatforms) = preSolution
		Debug|Any CPU = Debug|Any CPU
		Release|Any CPU = Release|Any CPU
	EndGlobalSection
	GlobalSection(ProjectConfigurationPlatforms) = postSolution
		{4292C647-C481-42C7-899B-A7341782852F}.Debug|Any CPU.ActiveCfg = Debug|Any CPU
		{4292C647-C481-42C7-899B-A7341782852F}.Debug|Any CPU.Build.0 = Debug|Any CPU
		{4292C647-C481-42C7-899B-A7341782852F}.Release|Any CPU.ActiveCfg = Release|Any CPU
		{4292C647-C481-42C7-899B-A7341782852F}.Release|Any CPU.Build.0 = Release|Any CPU
	EndGlobalSection
	GlobalSection(SolutionProperties) = preSolution
		HideSolutionNode = FALSE
	EndGlobalSection
	GlobalSection(ExtensibilityGlobals) = postSolution
		SolutionGuid = {45FCA132-AF75-4FD9-B885-181B43285AEF}
	EndGlobalSection
EndGlobal
